
Microsoft Visual Studio Solution File, Format Version 12.00
# Visual Studio Version 16
VisualStudioVersion = 16.0.32901.82
MinimumVisualStudioVersion = 10.0.40219.1
Project("{FAE04EC0-301F-11D3-BF4B-00C04F79EFBC}") = "UpCasting-DownCasting-Boxing-Unboxing", "UpCasting-DownCasting-Boxing-Unboxing\UpCasting-DownCasting-Boxing-Unboxing.csproj", "{874CC603-21EF-45DB-BC25-69202F4CC17F}"
EndProject
Project("{FAE04EC0-301F-11D3-BF4B-00C04F79EFBC}") = "Service", "Service\Service.csproj", "{AD11A7EE-47D5-4F65-AC08-4D5541B33E99}"
EndProject
Global
	GlobalSection(SolutionConfigurationPlatforms) = preSolution
		Debug|Any CPU = Debug|Any CPU
		Release|Any CPU = Release|Any CPU
	EndGlobalSection
	GlobalSection(ProjectConfigurationPlatforms) = postSolution
		{874CC603-21EF-45DB-BC25-69202F4CC17F}.Debug|Any CPU.ActiveCfg = Debug|Any CPU
		{874CC603-21EF-45DB-BC25-69202F4CC17F}.Debug|Any CPU.Build.0 = Debug|Any CPU
		{874CC603-21EF-45DB-BC25-69202F4CC17F}.Release|Any CPU.ActiveCfg = Release|Any CPU
		{874CC603-21EF-45DB-BC25-69202F4CC17F}.Release|Any CPU.Build.0 = Release|Any CPU
		{AD11A7EE-47D5-4F65-AC08-4D5541B33E99}.Debug|Any CPU.ActiveCfg = Debug|Any CPU
		{AD11A7EE-47D5-4F65-AC08-4D5541B33E99}.Debug|Any CPU.Build.0 = Debug|Any CPU
		{AD11A7EE-47D5-4F65-AC08-4D5541B33E99}.Release|Any CPU.ActiveCfg = Release|Any CPU
		{AD11A7EE-47D5-4F65-AC08-4D5541B33E99}.Release|Any CPU.Build.0 = Release|Any CPU
	EndGlobalSection
	GlobalSection(SolutionProperties) = preSolution
		HideSolutionNode = FALSE
	EndGlobalSection
	GlobalSection(ExtensibilityGlobals) = postSolution
		SolutionGuid = {B7ADCE6F-7484-4D5F-B749-6406A370C8FC}
	EndGlobalSection
EndGlobal
